{
    "_readme": [
        "This file locks the dependencies of your project to a known state",
        "Read more about it at https://getcomposer.org/doc/01-basic-usage.md#composer-lock-the-lock-file",
        "This file is @generated automatically"
    ],
    "hash": "b8aba29e64efc8825fa6c8451d078286",
    "content-hash": "031d6ee3b91dabcdb302ed23c40a2ef2",
    "packages": [
        {
            "name": "algolia/algoliasearch-client-php",
            "version": "1.10.1",
            "source": {
                "type": "git",
                "url": "https://github.com/algolia/algoliasearch-client-php.git",
                "reference": "dcec7edbeb5132a0363269787f8898d9e243a03f"
            },
            "dist": {
                "type": "zip",
                "url": "https://api.github.com/repos/algolia/algoliasearch-client-php/zipball/dcec7edbeb5132a0363269787f8898d9e243a03f",
                "reference": "dcec7edbeb5132a0363269787f8898d9e243a03f",
                "shasum": ""
            },
            "require": {
                "ext-mbstring": "*",
                "php": ">=5.3"
            },
            "require-dev": {
                "phpunit/phpunit": "^4.8 || ^5.0",
                "satooshi/php-coveralls": "0.6.*"
            },
            "type": "library",
            "autoload": {
                "psr-0": {
                    "AlgoliaSearch": "src/",
                    "AlgoliaSearch\\Tests": "tests/"
                }
            },
            "notification-url": "https://packagist.org/downloads/",
            "license": [
                "MIT"
            ],
            "authors": [
                {
                    "name": "Algolia Team",
                    "email": "contact@algolia.com"
                },
                {
                    "name": "Ryan T. Catlin",
                    "email": "ryan.catlin@gmail.com"
                },
                {
                    "name": "Jonathan H. Wage",
                    "email": "jonwage@gmail.com"
                }
            ],
            "description": "Algolia Search API Client for PHP",
            "homepage": "https://github.com/algolia/algoliasearch-client-php",
            "time": "2016-06-29 17:40:01"
        },
        {
            "name": "algolia/php-dom-parser",
            "version": "0.1.0",
            "source": {
                "type": "git",
                "url": "https://github.com/algolia/php-dom-parser.git",
                "reference": "e6162261cac4a137dba3bb66aa6d19091c29c7cf"
            },
            "dist": {
                "type": "zip",
                "url": "https://api.github.com/repos/algolia/php-dom-parser/zipball/e6162261cac4a137dba3bb66aa6d19091c29c7cf",
                "reference": "e6162261cac4a137dba3bb66aa6d19091c29c7cf",
                "shasum": ""
            },
            "require": {
                "php": ">=5.3"
            },
            "require-dev": {
                "phpunit/phpunit": "^4.8 || ^5.0"
            },
            "type": "library",
            "autoload": {
                "files": [
                    "lib/simple_html_dom.php"
                ],
                "psr-4": {
                    "Algolia\\": "src/",
                    "Algolia\\Test\\": "tests/"
                }
            },
            "notification-url": "https://packagist.org/downloads/",
            "license": [
                "MIT"
            ],
            "authors": [
                {
                    "name": "Raymond Rutjes",
                    "email": "raymond.rutjes@algolia.com"
                }
            ],
            "description": "A simple tool to turn DOM into Algolia search friendly record objects.",
            "homepage": "https://github.com/algolia/php-dom-parser",
            "time": "2016-05-24 12:41:26"
        },
        {
            "name": "techcrunch/wp-async-task",
            "version": "dev-master",
            "source": {
                "type": "git",
                "url": "https://github.com/techcrunch/wp-async-task.git",
                "reference": "9bdbbf9df4ff5179711bb58b9a2451296f6753dc"
            },
            "dist": {
                "type": "zip",
                "url": "https://api.github.com/repos/techcrunch/wp-async-task/zipball/9bdbbf9df4ff5179711bb58b9a2451296f6753dc",
                "reference": "9bdbbf9df4ff5179711bb58b9a2451296f6753dc",
                "shasum": ""
            },
            "require-dev": {
                "10up/wp_mock": "dev-master",
                "phpunit/phpunit": "*@stable"
            },
            "type": "wordpress-plugin",
            "autoload": {
                "classmap": [
                    "wp-async-task.php"
                ]
            },
            "notification-url": "https://packagist.org/downloads/",
            "license": [
                "MIT"
            ],
            "authors": [
                {
                    "name": "Alex Khadiwala",
                    "role": "developer"
                },
                {
                    "name": "Nicolas Vincent",
                    "role": "developer"
                },
                {
                    "name": "Eric Mann",
                    "email": "eric.mann@10up.com",
                    "role": "developer"
                },
                {
                    "name": "John P. Bloch",
                    "email": "john.bloch@10up.com",
                    "role": "developer"
                }
            ],
            "description": "Run asynchronous tasks for long-running operations in WordPress",
            "time": "2016-03-10 17:37:13"
        }
    ],
    "packages-dev": [],
    "aliases": [],
    "minimum-stability": "dev",
    "stability-flags": {
        "techcrunch/wp-async-task": 20
    },
    "prefer-stable": true,
    "prefer-lowest": false,
    "platform": {
        "php": ">=5.3"
    },
    "platform-dev": []
}
